// !$*UTF8*$!
{
	archiveVersion = 1;
	classes = {
	};
	objectVersion = 50;
	objects = {

/* Begin PBXBuildFile section */
		EE215C9F291A31F000412872 /* Operators.c in Sources */ = {isa = PBXBuildFile; fileRef = EE215C9E291A31F000412872 /* Operators.c */; };
		EE215CA1291A3DD300412872 /* ToTransposition.c in Sources */ = {isa = PBXBuildFile; fileRef = EE215CA0291A3DD300412872 /* ToTransposition.c */; };
		EED495352919E9CB00663EDB /* main.c in Sources */ = {isa = PBXBuildFile; fileRef = EED495342919E9CB00663EDB /* main.c */; };
		EED4953D2919EED400663EDB /* CreateRandMatrix.c in Sources */ = {isa = PBXBuildFile; fileRef = EED4953C2919EED400663EDB /* CreateRandMatrix.c */; };
		EED4953F2919F00400663EDB /* ShowMatrixDetail.c in Sources */ = {isa = PBXBuildFile; fileRef = EED4953E2919F00400663EDB /* ShowMatrixDetail.c */; };
		EED495452919F75600663EDB /* ToSparseMatrix.c in Sources */ = {isa = PBXBuildFile; fileRef = EED495442919F75600663EDB /* ToSparseMatrix.c */; };
/* End PBXBuildFile section */

/* Begin PBXCopyFilesBuildPhase section */
		EED4952F2919E9CB00663EDB /* CopyFiles */ = {
			isa = PBXCopyFilesBuildPhase;
			buildActionMask = 2147483647;
			dstPath = /usr/share/man/man1/;
			dstSubfolderSpec = 0;
			files = (
			);
			runOnlyForDeploymentPostprocessing = 1;
		};
/* End PBXCopyFilesBuildPhase section */

/* Begin PBXFileReference section */
		EE215C9E291A31F000412872 /* Operators.c */ = {isa = PBXFileReference; lastKnownFileType = sourcecode.c.c; path = Operators.c; sourceTree = "<group>"; };
		EE215CA0291A3DD300412872 /* ToTransposition.c */ = {isa = PBXFileReference; lastKnownFileType = sourcecode.c.c; path = ToTransposition.c; sourceTree = "<group>"; };
		EED495312919E9CB00663EDB /* Assignment1_array */ = {isa = PBXFileReference; explicitFileType = "compiled.mach-o.executable"; includeInIndex = 0; path = Assignment1_array; sourceTree = BUILT_PRODUCTS_DIR; };
		EED495342919E9CB00663EDB /* main.c */ = {isa = PBXFileReference; lastKnownFileType = sourcecode.c.c; path = main.c; sourceTree = "<group>"; };
		EED4953B2919E9DE00663EDB /* Matrix.h */ = {isa = PBXFileReference; lastKnownFileType = sourcecode.c.h; path = Matrix.h; sourceTree = "<group>"; };
		EED4953C2919EED400663EDB /* CreateRandMatrix.c */ = {isa = PBXFileReference; lastKnownFileType = sourcecode.c.c; path = CreateRandMatrix.c; sourceTree = "<group>"; };
		EED4953E2919F00400663EDB /* ShowMatrixDetail.c */ = {isa = PBXFileReference; lastKnownFileType = sourcecode.c.c; path = ShowMatrixDetail.c; sourceTree = "<group>"; };
		EED495442919F75600663EDB /* ToSparseMatrix.c */ = {isa = PBXFileReference; lastKnownFileType = sourcecode.c.c; path = ToSparseMatrix.c; sourceTree = "<group>"; };
/* End PBXFileReference section */

/* Begin PBXFrameworksBuildPhase section */
		EED4952E2919E9CB00663EDB /* Frameworks */ = {
			isa = PBXFrameworksBuildPhase;
			buildActionMask = 2147483647;
			files = (
			);
			runOnlyForDeploymentPostprocessing = 0;
		};
/* End PBXFrameworksBuildPhase section */

/* Begin PBXGroup section */
		EED495282919E9CA00663EDB = {
			isa = PBXGroup;
			children = (
				EED495332919E9CB00663EDB /* Assignment1_array */,
				EED495322919E9CB00663EDB /* Products */,
			);
			sourceTree = "<group>";
		};
		EED495322919E9CB00663EDB /* Products */ = {
			isa = PBXGroup;
			children = (
				EED495312919E9CB00663EDB /* Assignment1_array */,
			);
			name = Products;
			sourceTree = "<group>";
		};
		EED495332919E9CB00663EDB /* Assignment1_array */ = {
			isa = PBXGroup;
			children = (
				EED4953B2919E9DE00663EDB /* Matrix.h */,
				EED495342919E9CB00663EDB /* main.c */,
				EE215C9E291A31F000412872 /* Operators.c */,
				EED4953E2919F00400663EDB /* ShowMatrixDetail.c */,
				EED4953C2919EED400663EDB /* CreateRandMatrix.c */,
				EED495442919F75600663EDB /* ToSparseMatrix.c */,
				EE215CA0291A3DD300412872 /* ToTransposition.c */,
			);
			path = Assignment1_array;
			sourceTree = "<group>";
		};
/* End PBXGroup section */

/* Begin PBXNativeTarget section */
		EED495302919E9CB00663EDB /* Assignment1_array */ = {
			isa = PBXNativeTarget;
			buildConfigurationList = EED495382919E9CB00663EDB /* Build configuration list for PBXNativeTarget "Assignment1_array" */;
			buildPhases = (
				EED4952D2919E9CB00663EDB /* Sources */,
				EED4952E2919E9CB00663EDB /* Frameworks */,
				EED4952F2919E9CB00663EDB /* CopyFiles */,
			);
			buildRules = (
			);
			dependencies = (
			);
			name = Assignment1_array;
			productName = Assignment1_array;
			productReference = EED495312919E9CB00663EDB /* Assignment1_array */;
			productType = "com.apple.product-type.tool";
		};
/* End PBXNativeTarget section */

/* Begin PBXProject section */
		EED495292919E9CA00663EDB /* Project object */ = {
			isa = PBXProject;
			attributes = {
				LastUpgradeCheck = 1170;
				ORGANIZATIONNAME = MAC;
				TargetAttributes = {
					EED495302919E9CB00663EDB = {
						CreatedOnToolsVersion = 11.7;
					};
				};
			};
			buildConfigurationList = EED4952C2919E9CA00663EDB /* Build configuration list for PBXProject "Assignment1_array" */;
			compatibilityVersion = "Xcode 9.3";
			developmentRegion = en;
			hasScannedForEncodings = 0;
			knownRegions = (
				en,
				Base,
			);
			mainGroup = EED495282919E9CA00663EDB;
			productRefGroup = EED495322919E9CB00663EDB /* Products */;
			projectDirPath = "";
			projectRoot = "";
			targets = (
				EED495302919E9CB00663EDB /* Assignment1_array */,
			);
		};
/* End PBXProject section */

/* Begin PBXSourcesBuildPhase section */
		EED4952D2919E9CB00663EDB /* Sources */ = {
			isa = PBXSourcesBuildPhase;
			buildActionMask = 2147483647;
			files = (
				EE215CA1291A3DD300412872 /* ToTransposition.c in Sources */,
				EED4953F2919F00400663EDB /* ShowMatrixDetail.c in Sources */,
				EED495352919E9CB00663EDB /* main.c in Sources */,
				EED4953D2919EED400663EDB /* CreateRandMatrix.c in Sources */,
				EE215C9F291A31F000412872 /* Operators.c in Sources */,
				EED495452919F75600663EDB /* ToSparseMatrix.c in Sources */,
			);
			runOnlyForDeploymentPostprocessing = 0;
		};
/* End PBXSourcesBuildPhase section */

/* Begin XCBuildConfiguration section */
		EED495362919E9CB00663EDB /* Debug */ = {
			isa = XCBuildConfiguration;
			buildSettings = {
				ALWAYS_SEARCH_USER_PATHS = NO;
				CLANG_ANALYZER_NONNULL = YES;
				CLANG_ANALYZER_NUMBER_OBJECT_CONVERSION = YES_AGGRESSIVE;
				CLANG_CXX_LANGUAGE_STANDARD = "gnu++14";
				CLANG_CXX_LIBRARY = "libc++";
				CLANG_ENABLE_MODULES = YES;
				CLANG_ENABLE_OBJC_ARC = YES;
				CLANG_ENABLE_OBJC_WEAK = YES;
				CLANG_WARN_BLOCK_CAPTURE_AUTORELEASING = YES;
				CLANG_WARN_BOOL_CONVERSION = YES;
				CLANG_WARN_COMMA = YES;
				CLANG_WARN_CONSTANT_CONVERSION = YES;
				CLANG_WARN_DEPRECATED_OBJC_IMPLEMENTATIONS = YES;
				CLANG_WARN_DIRECT_OBJC_ISA_USAGE = YES_ERROR;
				CLANG_WARN_DOCUMENTATION_COMMENTS = YES;
				CLANG_WARN_EMPTY_BODY = YES;
				CLANG_WARN_ENUM_CONVERSION = YES;
				CLANG_WARN_INFINITE_RECURSION = YES;
				CLANG_WARN_INT_CONVERSION = YES;
				CLANG_WARN_NON_LITERAL_NULL_CONVERSION = YES;
				CLANG_WARN_OBJC_IMPLICIT_RETAIN_SELF = YES;
				CLANG_WARN_OBJC_LITERAL_CONVERSION = YES;
				CLANG_WARN_OBJC_ROOT_CLASS = YES_ERROR;
				CLANG_WARN_RANGE_LOOP_ANALYSIS = YES;
				CLANG_WARN_STRICT_PROTOTYPES = YES;
				CLANG_WARN_SUSPICIOUS_MOVE = YES;
				CLANG_WARN_UNGUARDED_AVAILABILITY = YES_AGGRESSIVE;
				CLANG_WARN_UNREACHABLE_CODE = YES;
				CLANG_WARN__DUPLICATE_METHOD_MATCH = YES;
				COPY_PHASE_STRIP = NO;
				DEBUG_INFORMATION_FORMAT = dwarf;
				ENABLE_STRICT_OBJC_MSGSEND = YES;
				ENABLE_TESTABILITY = YES;
				GCC_C_LANGUAGE_STANDARD = gnu11;
				GCC_DYNAMIC_NO_PIC = NO;
				GCC_NO_COMMON_BLOCKS = YES;
				GCC_OPTIMIZATION_LEVEL = 0;
				GCC_PREPROCESSOR_DEFINITIONS = (
					"DEBUG=1",
					"$(inherited)",
				);
				GCC_WARN_64_TO_32_BIT_CONVERSION = YES;
				GCC_WARN_ABOUT_RETURN_TYPE = YES_ERROR;
				GCC_WARN_UNDECLARED_SELECTOR = YES;
				GCC_WARN_UNINITIALIZED_AUTOS = YES_AGGRESSIVE;
				GCC_WARN_UNUSED_FUNCTION = YES;
				GCC_WARN_UNUSED_VARIABLE = YES;
				MACOSX_DEPLOYMENT_TARGET = 10.15;
				MTL_ENABLE_DEBUG_INFO = INCLUDE_SOURCE;
				MTL_FAST_MATH = YES;
				ONLY_ACTIVE_ARCH = YES;
				SDKROOT = macosx;
			};
			name = Debug;
		};
		EED495372919E9CB00663EDB /* Release */ = {
			isa = XCBuildConfiguration;
			buildSettings = {
				ALWAYS_SEARCH_USER_PATHS = NO;
				CLANG_ANALYZER_NONNULL = YES;
				CLANG_ANALYZER_NUMBER_OBJECT_CONVERSION = YES_AGGRESSIVE;
				CLANG_CXX_LANGUAGE_STANDARD = "gnu++14";
				CLANG_CXX_LIBRARY = "libc++";
				CLANG_ENABLE_MODULES = YES;
				CLANG_ENABLE_OBJC_ARC = YES;
				CLANG_ENABLE_OBJC_WEAK = YES;
				CLANG_WARN_BLOCK_CAPTURE_AUTORELEASING = YES;
				CLANG_WARN_BOOL_CONVERSION = YES;
				CLANG_WARN_COMMA = YES;
				CLANG_WARN_CONSTANT_CONVERSION = YES;
				CLANG_WARN_DEPRECATED_OBJC_IMPLEMENTATIONS = YES;
				CLANG_WARN_DIRECT_OBJC_ISA_USAGE = YES_ERROR;
				CLANG_WARN_DOCUMENTATION_COMMENTS = YES;
				CLANG_WARN_EMPTY_BODY = YES;
				CLANG_WARN_ENUM_CONVERSION = YES;
				CLANG_WARN_INFINITE_RECURSION = YES;
				CLANG_WARN_INT_CONVERSION = YES;
				CLANG_WARN_NON_LITERAL_NULL_CONVERSION = YES;
				CLANG_WARN_OBJC_IMPLICIT_RETAIN_SELF = YES;
				CLANG_WARN_OBJC_LITERAL_CONVERSION = YES;
				CLANG_WARN_OBJC_ROOT_CLASS = YES_ERROR;
				CLANG_WARN_RANGE_LOOP_ANALYSIS = YES;
				CLANG_WARN_STRICT_PROTOTYPES = YES;
				CLANG_WARN_SUSPICIOUS_MOVE = YES;
				CLANG_WARN_UNGUARDED_AVAILABILITY = YES_AGGRESSIVE;
				CLANG_WARN_UNREACHABLE_CODE = YES;
				CLANG_WARN__DUPLICATE_METHOD_MATCH = YES;
				COPY_PHASE_STRIP = NO;
				DEBUG_INFORMATION_FORMAT = "dwarf-with-dsym";
				ENABLE_NS_ASSERTIONS = NO;
				ENABLE_STRICT_OBJC_MSGSEND = YES;
				GCC_C_LANGUAGE_STANDARD = gnu11;
				GCC_NO_COMMON_BLOCKS = YES;
				GCC_WARN_64_TO_32_BIT_CONVERSION = YES;
				GCC_WARN_ABOUT_RETURN_TYPE = YES_ERROR;
				GCC_WARN_UNDECLARED_SELECTOR = YES;
				GCC_WARN_UNINITIALIZED_AUTOS = YES_AGGRESSIVE;
				GCC_WARN_UNUSED_FUNCTION = YES;
				GCC_WARN_UNUSED_VARIABLE = YES;
				MACOSX_DEPLOYMENT_TARGET = 10.15;
				MTL_ENABLE_DEBUG_INFO = NO;
				MTL_FAST_MATH = YES;
				SDKROOT = macosx;
			};
			name = Release;
		};
		EED495392919E9CB00663EDB /* Debug */ = {
			isa = XCBuildConfiguration;
			buildSettings = {
				CODE_SIGN_STYLE = Automatic;
				PRODUCT_NAME = "$(TARGET_NAME)";
			};
			name = Debug;
		};
		EED4953A2919E9CB00663EDB /* Release */ = {
			isa = XCBuildConfiguration;
			buildSettings = {
				CODE_SIGN_STYLE = Automatic;
				PRODUCT_NAME = "$(TARGET_NAME)";
			};
			name = Release;
		};
/* End XCBuildConfiguration section */

/* Begin XCConfigurationList section */
		EED4952C2919E9CA00663EDB /* Build configuration list for PBXProject "Assignment1_array" */ = {
			isa = XCConfigurationList;
			buildConfigurations = (
				EED495362919E9CB00663EDB /* Debug */,
				EED495372919E9CB00663EDB /* Release */,
			);
			defaultConfigurationIsVisible = 0;
			defaultConfigurationName = Release;
		};
		EED495382919E9CB00663EDB /* Build configuration list for PBXNativeTarget "Assignment1_array" */ = {
			isa = XCConfigurationList;
			buildConfigurations = (
				EED495392919E9CB00663EDB /* Debug */,
				EED4953A2919E9CB00663EDB /* Release */,
			);
			defaultConfigurationIsVisible = 0;
			defaultConfigurationName = Release;
		};
/* End XCConfigurationList section */
	};
	rootObject = EED495292919E9CA00663EDB /* Project object */;
}
