// !$*UTF8*$!
{
	archiveVersion = 1;
	classes = {
	};
	objectVersion = 50;
	objects = {

/* Begin PBXBuildFile section */
		EE2B0A25292C5EB8002FA352 /* StackFunc.c in Sources */ = {isa = PBXBuildFile; fileRef = EE2B0A24292C5EB8002FA352 /* StackFunc.c */; };
		EE909717292B161000685995 /* main.c in Sources */ = {isa = PBXBuildFile; fileRef = EE909716292B161000685995 /* main.c */; };
		EE90971F292B16A400685995 /* BinaryTree.c in Sources */ = {isa = PBXBuildFile; fileRef = EE90971E292B16A400685995 /* BinaryTree.c */; };
		EE909721292B21B400685995 /* QueueFunc.c in Sources */ = {isa = PBXBuildFile; fileRef = EE909720292B21B400685995 /* QueueFunc.c */; };
		EE909723292B2BBA00685995 /* Infix2Binarytree.c in Sources */ = {isa = PBXBuildFile; fileRef = EE909722292B2BBA00685995 /* Infix2Binarytree.c */; };
/* End PBXBuildFile section */

/* Begin PBXCopyFilesBuildPhase section */
		EE909711292B161000685995 /* CopyFiles */ = {
			isa = PBXCopyFilesBuildPhase;
			buildActionMask = 2147483647;
			dstPath = /usr/share/man/man1/;
			dstSubfolderSpec = 0;
			files = (
			);
			runOnlyForDeploymentPostprocessing = 1;
		};
/* End PBXCopyFilesBuildPhase section */

/* Begin PBXFileReference section */
		EE2B0A24292C5EB8002FA352 /* StackFunc.c */ = {isa = PBXFileReference; lastKnownFileType = sourcecode.c.c; path = StackFunc.c; sourceTree = "<group>"; };
		EE909713292B161000685995 /* Assignment4_binarytree */ = {isa = PBXFileReference; explicitFileType = "compiled.mach-o.executable"; includeInIndex = 0; path = Assignment4_binarytree; sourceTree = BUILT_PRODUCTS_DIR; };
		EE909716292B161000685995 /* main.c */ = {isa = PBXFileReference; lastKnownFileType = sourcecode.c.c; path = main.c; sourceTree = "<group>"; };
		EE90971D292B161F00685995 /* Header.h */ = {isa = PBXFileReference; lastKnownFileType = sourcecode.c.h; path = Header.h; sourceTree = "<group>"; };
		EE90971E292B16A400685995 /* BinaryTree.c */ = {isa = PBXFileReference; lastKnownFileType = sourcecode.c.c; path = BinaryTree.c; sourceTree = "<group>"; };
		EE909720292B21B400685995 /* QueueFunc.c */ = {isa = PBXFileReference; lastKnownFileType = sourcecode.c.c; path = QueueFunc.c; sourceTree = "<group>"; };
		EE909722292B2BBA00685995 /* Infix2Binarytree.c */ = {isa = PBXFileReference; lastKnownFileType = sourcecode.c.c; path = Infix2Binarytree.c; sourceTree = "<group>"; };
/* End PBXFileReference section */

/* Begin PBXFrameworksBuildPhase section */
		EE909710292B161000685995 /* Frameworks */ = {
			isa = PBXFrameworksBuildPhase;
			buildActionMask = 2147483647;
			files = (
			);
			runOnlyForDeploymentPostprocessing = 0;
		};
/* End PBXFrameworksBuildPhase section */

/* Begin PBXGroup section */
		EE90970A292B161000685995 = {
			isa = PBXGroup;
			children = (
				EE909715292B161000685995 /* Assignment4_binarytree */,
				EE909714292B161000685995 /* Products */,
			);
			sourceTree = "<group>";
		};
		EE909714292B161000685995 /* Products */ = {
			isa = PBXGroup;
			children = (
				EE909713292B161000685995 /* Assignment4_binarytree */,
			);
			name = Products;
			sourceTree = "<group>";
		};
		EE909715292B161000685995 /* Assignment4_binarytree */ = {
			isa = PBXGroup;
			children = (
				EE90971D292B161F00685995 /* Header.h */,
				EE909716292B161000685995 /* main.c */,
				EE909722292B2BBA00685995 /* Infix2Binarytree.c */,
				EE909720292B21B400685995 /* QueueFunc.c */,
				EE90971E292B16A400685995 /* BinaryTree.c */,
				EE2B0A24292C5EB8002FA352 /* StackFunc.c */,
			);
			path = Assignment4_binarytree;
			sourceTree = "<group>";
		};
/* End PBXGroup section */

/* Begin PBXNativeTarget section */
		EE909712292B161000685995 /* Assignment4_binarytree */ = {
			isa = PBXNativeTarget;
			buildConfigurationList = EE90971A292B161000685995 /* Build configuration list for PBXNativeTarget "Assignment4_binarytree" */;
			buildPhases = (
				EE90970F292B161000685995 /* Sources */,
				EE909710292B161000685995 /* Frameworks */,
				EE909711292B161000685995 /* CopyFiles */,
			);
			buildRules = (
			);
			dependencies = (
			);
			name = Assignment4_binarytree;
			productName = Assignment4_binarytree;
			productReference = EE909713292B161000685995 /* Assignment4_binarytree */;
			productType = "com.apple.product-type.tool";
		};
/* End PBXNativeTarget section */

/* Begin PBXProject section */
		EE90970B292B161000685995 /* Project object */ = {
			isa = PBXProject;
			attributes = {
				LastUpgradeCheck = 1170;
				ORGANIZATIONNAME = MAC;
				TargetAttributes = {
					EE909712292B161000685995 = {
						CreatedOnToolsVersion = 11.7;
					};
				};
			};
			buildConfigurationList = EE90970E292B161000685995 /* Build configuration list for PBXProject "Assignment4_binarytree" */;
			compatibilityVersion = "Xcode 9.3";
			developmentRegion = en;
			hasScannedForEncodings = 0;
			knownRegions = (
				en,
				Base,
			);
			mainGroup = EE90970A292B161000685995;
			productRefGroup = EE909714292B161000685995 /* Products */;
			projectDirPath = "";
			projectRoot = "";
			targets = (
				EE909712292B161000685995 /* Assignment4_binarytree */,
			);
		};
/* End PBXProject section */

/* Begin PBXSourcesBuildPhase section */
		EE90970F292B161000685995 /* Sources */ = {
			isa = PBXSourcesBuildPhase;
			buildActionMask = 2147483647;
			files = (
				EE909723292B2BBA00685995 /* Infix2Binarytree.c in Sources */,
				EE2B0A25292C5EB8002FA352 /* StackFunc.c in Sources */,
				EE90971F292B16A400685995 /* BinaryTree.c in Sources */,
				EE909721292B21B400685995 /* QueueFunc.c in Sources */,
				EE909717292B161000685995 /* main.c in Sources */,
			);
			runOnlyForDeploymentPostprocessing = 0;
		};
/* End PBXSourcesBuildPhase section */

/* Begin XCBuildConfiguration section */
		EE909718292B161000685995 /* Debug */ = {
			isa = XCBuildConfiguration;
			buildSettings = {
				ALWAYS_SEARCH_USER_PATHS = NO;
				CLANG_ANALYZER_NONNULL = YES;
				CLANG_ANALYZER_NUMBER_OBJECT_CONVERSION = YES_AGGRESSIVE;
				CLANG_CXX_LANGUAGE_STANDARD = "gnu++14";
				CLANG_CXX_LIBRARY = "libc++";
				CLANG_ENABLE_MODULES = YES;
				CLANG_ENABLE_OBJC_ARC = YES;
				CLANG_ENABLE_OBJC_WEAK = YES;
				CLANG_WARN_BLOCK_CAPTURE_AUTORELEASING = YES;
				CLANG_WARN_BOOL_CONVERSION = YES;
				CLANG_WARN_COMMA = YES;
				CLANG_WARN_CONSTANT_CONVERSION = YES;
				CLANG_WARN_DEPRECATED_OBJC_IMPLEMENTATIONS = YES;
				CLANG_WARN_DIRECT_OBJC_ISA_USAGE = YES_ERROR;
				CLANG_WARN_DOCUMENTATION_COMMENTS = YES;
				CLANG_WARN_EMPTY_BODY = YES;
				CLANG_WARN_ENUM_CONVERSION = YES;
				CLANG_WARN_INFINITE_RECURSION = YES;
				CLANG_WARN_INT_CONVERSION = YES;
				CLANG_WARN_NON_LITERAL_NULL_CONVERSION = YES;
				CLANG_WARN_OBJC_IMPLICIT_RETAIN_SELF = YES;
				CLANG_WARN_OBJC_LITERAL_CONVERSION = YES;
				CLANG_WARN_OBJC_ROOT_CLASS = YES_ERROR;
				CLANG_WARN_RANGE_LOOP_ANALYSIS = YES;
				CLANG_WARN_STRICT_PROTOTYPES = YES;
				CLANG_WARN_SUSPICIOUS_MOVE = YES;
				CLANG_WARN_UNGUARDED_AVAILABILITY = YES_AGGRESSIVE;
				CLANG_WARN_UNREACHABLE_CODE = YES;
				CLANG_WARN__DUPLICATE_METHOD_MATCH = YES;
				COPY_PHASE_STRIP = NO;
				DEBUG_INFORMATION_FORMAT = dwarf;
				ENABLE_STRICT_OBJC_MSGSEND = YES;
				ENABLE_TESTABILITY = YES;
				GCC_C_LANGUAGE_STANDARD = gnu11;
				GCC_DYNAMIC_NO_PIC = NO;
				GCC_NO_COMMON_BLOCKS = YES;
				GCC_OPTIMIZATION_LEVEL = 0;
				GCC_PREPROCESSOR_DEFINITIONS = (
					"DEBUG=1",
					"$(inherited)",
				);
				GCC_WARN_64_TO_32_BIT_CONVERSION = YES;
				GCC_WARN_ABOUT_RETURN_TYPE = YES_ERROR;
				GCC_WARN_UNDECLARED_SELECTOR = YES;
				GCC_WARN_UNINITIALIZED_AUTOS = YES_AGGRESSIVE;
				GCC_WARN_UNUSED_FUNCTION = YES;
				GCC_WARN_UNUSED_VARIABLE = YES;
				MACOSX_DEPLOYMENT_TARGET = 10.15;
				MTL_ENABLE_DEBUG_INFO = INCLUDE_SOURCE;
				MTL_FAST_MATH = YES;
				ONLY_ACTIVE_ARCH = YES;
				SDKROOT = macosx;
			};
			name = Debug;
		};
		EE909719292B161000685995 /* Release */ = {
			isa = XCBuildConfiguration;
			buildSettings = {
				ALWAYS_SEARCH_USER_PATHS = NO;
				CLANG_ANALYZER_NONNULL = YES;
				CLANG_ANALYZER_NUMBER_OBJECT_CONVERSION = YES_AGGRESSIVE;
				CLANG_CXX_LANGUAGE_STANDARD = "gnu++14";
				CLANG_CXX_LIBRARY = "libc++";
				CLANG_ENABLE_MODULES = YES;
				CLANG_ENABLE_OBJC_ARC = YES;
				CLANG_ENABLE_OBJC_WEAK = YES;
				CLANG_WARN_BLOCK_CAPTURE_AUTORELEASING = YES;
				CLANG_WARN_BOOL_CONVERSION = YES;
				CLANG_WARN_COMMA = YES;
				CLANG_WARN_CONSTANT_CONVERSION = YES;
				CLANG_WARN_DEPRECATED_OBJC_IMPLEMENTATIONS = YES;
				CLANG_WARN_DIRECT_OBJC_ISA_USAGE = YES_ERROR;
				CLANG_WARN_DOCUMENTATION_COMMENTS = YES;
				CLANG_WARN_EMPTY_BODY = YES;
				CLANG_WARN_ENUM_CONVERSION = YES;
				CLANG_WARN_INFINITE_RECURSION = YES;
				CLANG_WARN_INT_CONVERSION = YES;
				CLANG_WARN_NON_LITERAL_NULL_CONVERSION = YES;
				CLANG_WARN_OBJC_IMPLICIT_RETAIN_SELF = YES;
				CLANG_WARN_OBJC_LITERAL_CONVERSION = YES;
				CLANG_WARN_OBJC_ROOT_CLASS = YES_ERROR;
				CLANG_WARN_RANGE_LOOP_ANALYSIS = YES;
				CLANG_WARN_STRICT_PROTOTYPES = YES;
				CLANG_WARN_SUSPICIOUS_MOVE = YES;
				CLANG_WARN_UNGUARDED_AVAILABILITY = YES_AGGRESSIVE;
				CLANG_WARN_UNREACHABLE_CODE = YES;
				CLANG_WARN__DUPLICATE_METHOD_MATCH = YES;
				COPY_PHASE_STRIP = NO;
				DEBUG_INFORMATION_FORMAT = "dwarf-with-dsym";
				ENABLE_NS_ASSERTIONS = NO;
				ENABLE_STRICT_OBJC_MSGSEND = YES;
				GCC_C_LANGUAGE_STANDARD = gnu11;
				GCC_NO_COMMON_BLOCKS = YES;
				GCC_WARN_64_TO_32_BIT_CONVERSION = YES;
				GCC_WARN_ABOUT_RETURN_TYPE = YES_ERROR;
				GCC_WARN_UNDECLARED_SELECTOR = YES;
				GCC_WARN_UNINITIALIZED_AUTOS = YES_AGGRESSIVE;
				GCC_WARN_UNUSED_FUNCTION = YES;
				GCC_WARN_UNUSED_VARIABLE = YES;
				MACOSX_DEPLOYMENT_TARGET = 10.15;
				MTL_ENABLE_DEBUG_INFO = NO;
				MTL_FAST_MATH = YES;
				SDKROOT = macosx;
			};
			name = Release;
		};
		EE90971B292B161000685995 /* Debug */ = {
			isa = XCBuildConfiguration;
			buildSettings = {
				CODE_SIGN_STYLE = Automatic;
				PRODUCT_NAME = "$(TARGET_NAME)";
			};
			name = Debug;
		};
		EE90971C292B161000685995 /* Release */ = {
			isa = XCBuildConfiguration;
			buildSettings = {
				CODE_SIGN_STYLE = Automatic;
				PRODUCT_NAME = "$(TARGET_NAME)";
			};
			name = Release;
		};
/* End XCBuildConfiguration section */

/* Begin XCConfigurationList section */
		EE90970E292B161000685995 /* Build configuration list for PBXProject "Assignment4_binarytree" */ = {
			isa = XCConfigurationList;
			buildConfigurations = (
				EE909718292B161000685995 /* Debug */,
				EE909719292B161000685995 /* Release */,
			);
			defaultConfigurationIsVisible = 0;
			defaultConfigurationName = Release;
		};
		EE90971A292B161000685995 /* Build configuration list for PBXNativeTarget "Assignment4_binarytree" */ = {
			isa = XCConfigurationList;
			buildConfigurations = (
				EE90971B292B161000685995 /* Debug */,
				EE90971C292B161000685995 /* Release */,
			);
			defaultConfigurationIsVisible = 0;
			defaultConfigurationName = Release;
		};
/* End XCConfigurationList section */
	};
	rootObject = EE90970B292B161000685995 /* Project object */;
}
