// !$*UTF8*$!
{
	archiveVersion = 1;
	classes = {
	};
	objectVersion = 50;
	objects = {

/* Begin PBXBuildFile section */
		EE2AA0E829232CEA00ACB8EF /* PolyOp.c in Sources */ = {isa = PBXBuildFile; fileRef = EE2AA0E729232CEA00ACB8EF /* PolyOp.c */; };
		EEBE11D3292231010058D5DD /* main.c in Sources */ = {isa = PBXBuildFile; fileRef = EEBE11D2292231010058D5DD /* main.c */; };
		EEBE11DB292231170058D5DD /* PolynomialFunc.c in Sources */ = {isa = PBXBuildFile; fileRef = EEBE11D9292231170058D5DD /* PolynomialFunc.c */; };
		EEE451652923E14F00D20947 /* ArrFunc.c in Sources */ = {isa = PBXBuildFile; fileRef = EEE451642923E14F00D20947 /* ArrFunc.c */; };
/* End PBXBuildFile section */

/* Begin PBXCopyFilesBuildPhase section */
		EEBE11CD292231010058D5DD /* CopyFiles */ = {
			isa = PBXCopyFilesBuildPhase;
			buildActionMask = 2147483647;
			dstPath = /usr/share/man/man1/;
			dstSubfolderSpec = 0;
			files = (
			);
			runOnlyForDeploymentPostprocessing = 1;
		};
/* End PBXCopyFilesBuildPhase section */

/* Begin PBXFileReference section */
		EE2AA0E729232CEA00ACB8EF /* PolyOp.c */ = {isa = PBXFileReference; lastKnownFileType = sourcecode.c.c; path = PolyOp.c; sourceTree = "<group>"; };
		EEBE11CF292231010058D5DD /* Assignment3_polynomial */ = {isa = PBXFileReference; explicitFileType = "compiled.mach-o.executable"; includeInIndex = 0; path = Assignment3_polynomial; sourceTree = BUILT_PRODUCTS_DIR; };
		EEBE11D2292231010058D5DD /* main.c */ = {isa = PBXFileReference; lastKnownFileType = sourcecode.c.c; path = main.c; sourceTree = "<group>"; };
		EEBE11D9292231170058D5DD /* PolynomialFunc.c */ = {isa = PBXFileReference; fileEncoding = 4; lastKnownFileType = sourcecode.c.c; path = PolynomialFunc.c; sourceTree = "<group>"; };
		EEBE11DA292231170058D5DD /* Header.h */ = {isa = PBXFileReference; fileEncoding = 4; lastKnownFileType = sourcecode.c.h; path = Header.h; sourceTree = "<group>"; };
		EEE451642923E14F00D20947 /* ArrFunc.c */ = {isa = PBXFileReference; lastKnownFileType = sourcecode.c.c; path = ArrFunc.c; sourceTree = "<group>"; };
/* End PBXFileReference section */

/* Begin PBXFrameworksBuildPhase section */
		EEBE11CC292231010058D5DD /* Frameworks */ = {
			isa = PBXFrameworksBuildPhase;
			buildActionMask = 2147483647;
			files = (
			);
			runOnlyForDeploymentPostprocessing = 0;
		};
/* End PBXFrameworksBuildPhase section */

/* Begin PBXGroup section */
		EEBE11C6292231010058D5DD = {
			isa = PBXGroup;
			children = (
				EEBE11D1292231010058D5DD /* Assignment3_polynomial */,
				EEBE11D0292231010058D5DD /* Products */,
			);
			sourceTree = "<group>";
		};
		EEBE11D0292231010058D5DD /* Products */ = {
			isa = PBXGroup;
			children = (
				EEBE11CF292231010058D5DD /* Assignment3_polynomial */,
			);
			name = Products;
			sourceTree = "<group>";
		};
		EEBE11D1292231010058D5DD /* Assignment3_polynomial */ = {
			isa = PBXGroup;
			children = (
				EEBE11DA292231170058D5DD /* Header.h */,
				EEBE11D9292231170058D5DD /* PolynomialFunc.c */,
				EE2AA0E729232CEA00ACB8EF /* PolyOp.c */,
				EEE451642923E14F00D20947 /* ArrFunc.c */,
				EEBE11D2292231010058D5DD /* main.c */,
			);
			path = Assignment3_polynomial;
			sourceTree = "<group>";
		};
/* End PBXGroup section */

/* Begin PBXNativeTarget section */
		EEBE11CE292231010058D5DD /* Assignment3_polynomial */ = {
			isa = PBXNativeTarget;
			buildConfigurationList = EEBE11D6292231010058D5DD /* Build configuration list for PBXNativeTarget "Assignment3_polynomial" */;
			buildPhases = (
				EEBE11CB292231010058D5DD /* Sources */,
				EEBE11CC292231010058D5DD /* Frameworks */,
				EEBE11CD292231010058D5DD /* CopyFiles */,
			);
			buildRules = (
			);
			dependencies = (
			);
			name = Assignment3_polynomial;
			productName = Assignment3_polynomial;
			productReference = EEBE11CF292231010058D5DD /* Assignment3_polynomial */;
			productType = "com.apple.product-type.tool";
		};
/* End PBXNativeTarget section */

/* Begin PBXProject section */
		EEBE11C7292231010058D5DD /* Project object */ = {
			isa = PBXProject;
			attributes = {
				LastUpgradeCheck = 1170;
				ORGANIZATIONNAME = MAC;
				TargetAttributes = {
					EEBE11CE292231010058D5DD = {
						CreatedOnToolsVersion = 11.7;
					};
				};
			};
			buildConfigurationList = EEBE11CA292231010058D5DD /* Build configuration list for PBXProject "Assignment3_polynomial" */;
			compatibilityVersion = "Xcode 9.3";
			developmentRegion = en;
			hasScannedForEncodings = 0;
			knownRegions = (
				en,
				Base,
			);
			mainGroup = EEBE11C6292231010058D5DD;
			productRefGroup = EEBE11D0292231010058D5DD /* Products */;
			projectDirPath = "";
			projectRoot = "";
			targets = (
				EEBE11CE292231010058D5DD /* Assignment3_polynomial */,
			);
		};
/* End PBXProject section */

/* Begin PBXSourcesBuildPhase section */
		EEBE11CB292231010058D5DD /* Sources */ = {
			isa = PBXSourcesBuildPhase;
			buildActionMask = 2147483647;
			files = (
				EE2AA0E829232CEA00ACB8EF /* PolyOp.c in Sources */,
				EEBE11D3292231010058D5DD /* main.c in Sources */,
				EEBE11DB292231170058D5DD /* PolynomialFunc.c in Sources */,
				EEE451652923E14F00D20947 /* ArrFunc.c in Sources */,
			);
			runOnlyForDeploymentPostprocessing = 0;
		};
/* End PBXSourcesBuildPhase section */

/* Begin XCBuildConfiguration section */
		EEBE11D4292231010058D5DD /* Debug */ = {
			isa = XCBuildConfiguration;
			buildSettings = {
				ALWAYS_SEARCH_USER_PATHS = NO;
				CLANG_ANALYZER_NONNULL = YES;
				CLANG_ANALYZER_NUMBER_OBJECT_CONVERSION = YES_AGGRESSIVE;
				CLANG_CXX_LANGUAGE_STANDARD = "gnu++14";
				CLANG_CXX_LIBRARY = "libc++";
				CLANG_ENABLE_MODULES = YES;
				CLANG_ENABLE_OBJC_ARC = YES;
				CLANG_ENABLE_OBJC_WEAK = YES;
				CLANG_WARN_BLOCK_CAPTURE_AUTORELEASING = YES;
				CLANG_WARN_BOOL_CONVERSION = YES;
				CLANG_WARN_COMMA = YES;
				CLANG_WARN_CONSTANT_CONVERSION = YES;
				CLANG_WARN_DEPRECATED_OBJC_IMPLEMENTATIONS = YES;
				CLANG_WARN_DIRECT_OBJC_ISA_USAGE = YES_ERROR;
				CLANG_WARN_DOCUMENTATION_COMMENTS = YES;
				CLANG_WARN_EMPTY_BODY = YES;
				CLANG_WARN_ENUM_CONVERSION = YES;
				CLANG_WARN_INFINITE_RECURSION = YES;
				CLANG_WARN_INT_CONVERSION = YES;
				CLANG_WARN_NON_LITERAL_NULL_CONVERSION = YES;
				CLANG_WARN_OBJC_IMPLICIT_RETAIN_SELF = YES;
				CLANG_WARN_OBJC_LITERAL_CONVERSION = YES;
				CLANG_WARN_OBJC_ROOT_CLASS = YES_ERROR;
				CLANG_WARN_RANGE_LOOP_ANALYSIS = YES;
				CLANG_WARN_STRICT_PROTOTYPES = YES;
				CLANG_WARN_SUSPICIOUS_MOVE = YES;
				CLANG_WARN_UNGUARDED_AVAILABILITY = YES_AGGRESSIVE;
				CLANG_WARN_UNREACHABLE_CODE = YES;
				CLANG_WARN__DUPLICATE_METHOD_MATCH = YES;
				COPY_PHASE_STRIP = NO;
				DEBUG_INFORMATION_FORMAT = dwarf;
				ENABLE_STRICT_OBJC_MSGSEND = YES;
				ENABLE_TESTABILITY = YES;
				GCC_C_LANGUAGE_STANDARD = gnu11;
				GCC_DYNAMIC_NO_PIC = NO;
				GCC_NO_COMMON_BLOCKS = YES;
				GCC_OPTIMIZATION_LEVEL = 0;
				GCC_PREPROCESSOR_DEFINITIONS = (
					"DEBUG=1",
					"$(inherited)",
				);
				GCC_WARN_64_TO_32_BIT_CONVERSION = YES;
				GCC_WARN_ABOUT_RETURN_TYPE = YES_ERROR;
				GCC_WARN_UNDECLARED_SELECTOR = YES;
				GCC_WARN_UNINITIALIZED_AUTOS = YES_AGGRESSIVE;
				GCC_WARN_UNUSED_FUNCTION = YES;
				GCC_WARN_UNUSED_VARIABLE = YES;
				MACOSX_DEPLOYMENT_TARGET = 10.15;
				MTL_ENABLE_DEBUG_INFO = INCLUDE_SOURCE;
				MTL_FAST_MATH = YES;
				ONLY_ACTIVE_ARCH = YES;
				SDKROOT = macosx;
			};
			name = Debug;
		};
		EEBE11D5292231010058D5DD /* Release */ = {
			isa = XCBuildConfiguration;
			buildSettings = {
				ALWAYS_SEARCH_USER_PATHS = NO;
				CLANG_ANALYZER_NONNULL = YES;
				CLANG_ANALYZER_NUMBER_OBJECT_CONVERSION = YES_AGGRESSIVE;
				CLANG_CXX_LANGUAGE_STANDARD = "gnu++14";
				CLANG_CXX_LIBRARY = "libc++";
				CLANG_ENABLE_MODULES = YES;
				CLANG_ENABLE_OBJC_ARC = YES;
				CLANG_ENABLE_OBJC_WEAK = YES;
				CLANG_WARN_BLOCK_CAPTURE_AUTORELEASING = YES;
				CLANG_WARN_BOOL_CONVERSION = YES;
				CLANG_WARN_COMMA = YES;
				CLANG_WARN_CONSTANT_CONVERSION = YES;
				CLANG_WARN_DEPRECATED_OBJC_IMPLEMENTATIONS = YES;
				CLANG_WARN_DIRECT_OBJC_ISA_USAGE = YES_ERROR;
				CLANG_WARN_DOCUMENTATION_COMMENTS = YES;
				CLANG_WARN_EMPTY_BODY = YES;
				CLANG_WARN_ENUM_CONVERSION = YES;
				CLANG_WARN_INFINITE_RECURSION = YES;
				CLANG_WARN_INT_CONVERSION = YES;
				CLANG_WARN_NON_LITERAL_NULL_CONVERSION = YES;
				CLANG_WARN_OBJC_IMPLICIT_RETAIN_SELF = YES;
				CLANG_WARN_OBJC_LITERAL_CONVERSION = YES;
				CLANG_WARN_OBJC_ROOT_CLASS = YES_ERROR;
				CLANG_WARN_RANGE_LOOP_ANALYSIS = YES;
				CLANG_WARN_STRICT_PROTOTYPES = YES;
				CLANG_WARN_SUSPICIOUS_MOVE = YES;
				CLANG_WARN_UNGUARDED_AVAILABILITY = YES_AGGRESSIVE;
				CLANG_WARN_UNREACHABLE_CODE = YES;
				CLANG_WARN__DUPLICATE_METHOD_MATCH = YES;
				COPY_PHASE_STRIP = NO;
				DEBUG_INFORMATION_FORMAT = "dwarf-with-dsym";
				ENABLE_NS_ASSERTIONS = NO;
				ENABLE_STRICT_OBJC_MSGSEND = YES;
				GCC_C_LANGUAGE_STANDARD = gnu11;
				GCC_NO_COMMON_BLOCKS = YES;
				GCC_WARN_64_TO_32_BIT_CONVERSION = YES;
				GCC_WARN_ABOUT_RETURN_TYPE = YES_ERROR;
				GCC_WARN_UNDECLARED_SELECTOR = YES;
				GCC_WARN_UNINITIALIZED_AUTOS = YES_AGGRESSIVE;
				GCC_WARN_UNUSED_FUNCTION = YES;
				GCC_WARN_UNUSED_VARIABLE = YES;
				MACOSX_DEPLOYMENT_TARGET = 10.15;
				MTL_ENABLE_DEBUG_INFO = NO;
				MTL_FAST_MATH = YES;
				SDKROOT = macosx;
			};
			name = Release;
		};
		EEBE11D7292231010058D5DD /* Debug */ = {
			isa = XCBuildConfiguration;
			buildSettings = {
				CODE_SIGN_STYLE = Automatic;
				PRODUCT_NAME = "$(TARGET_NAME)";
			};
			name = Debug;
		};
		EEBE11D8292231010058D5DD /* Release */ = {
			isa = XCBuildConfiguration;
			buildSettings = {
				CODE_SIGN_STYLE = Automatic;
				PRODUCT_NAME = "$(TARGET_NAME)";
			};
			name = Release;
		};
/* End XCBuildConfiguration section */

/* Begin XCConfigurationList section */
		EEBE11CA292231010058D5DD /* Build configuration list for PBXProject "Assignment3_polynomial" */ = {
			isa = XCConfigurationList;
			buildConfigurations = (
				EEBE11D4292231010058D5DD /* Debug */,
				EEBE11D5292231010058D5DD /* Release */,
			);
			defaultConfigurationIsVisible = 0;
			defaultConfigurationName = Release;
		};
		EEBE11D6292231010058D5DD /* Build configuration list for PBXNativeTarget "Assignment3_polynomial" */ = {
			isa = XCConfigurationList;
			buildConfigurations = (
				EEBE11D7292231010058D5DD /* Debug */,
				EEBE11D8292231010058D5DD /* Release */,
			);
			defaultConfigurationIsVisible = 0;
			defaultConfigurationName = Release;
		};
/* End XCConfigurationList section */
	};
	rootObject = EEBE11C7292231010058D5DD /* Project object */;
}
